#MicroXplorer Configuration settings - do not modify
Mcu.Family=STM32F1
ProjectManager.MainLocation=Core/Src
ProjectManager.ProjectFileName=COMP3414ProjectQ123.ioc
TIM2.Channel-PWM\ Generation4\ CH4=TIM_CHANNEL_4
ProjectManager.KeepUserCode=true
Mcu.UserName=STM32F103C8Tx
Mcu.PinsNb=5
ProjectManager.NoMain=false
RCC.PLLCLKFreq_Value=8000000
PC13-TAMPER-RTC.GPIOParameters=GPIO_Speed,PinState,GPIO_Label
ProjectManager.functionlistsort=1-MX_GPIO_Init-GPIO-false-HAL-true,2-SystemClock_Config-RCC-false-HAL-false,3-MX_TIM2_Init-TIM2-false-HAL-true
PB11.GPIO_Label=breatheled
PC13-TAMPER-RTC.Signal=GPIO_Output
RCC.ADCFreqValue=4000000
ProjectManager.DefaultFWLocation=true
ProjectManager.DeletePrevious=true
PB11.Signal=S_TIM2_CH4
VP_SYS_VS_ND.Mode=No_Debug
PinOutPanel.RotationAngle=0
RCC.FamilyName=M
ProjectManager.StackSize=0x400
PA0-WKUP.GPIO_Label=switch
PA0-WKUP.Signal=GPIO_Input
PA0-WKUP.Locked=true
PB11.GPIO_Speed=GPIO_SPEED_FREQ_MEDIUM
Mcu.IP2=SYS
NVIC.SVCall_IRQn=true\:0\:0\:false\:false\:true\:false\:false
Mcu.IP3=TIM2
Mcu.IP0=NVIC
Mcu.IP1=RCC
Mcu.UserConstants=
ProjectManager.TargetToolchain=MDK-ARM V5
Mcu.ThirdPartyNb=0
Mcu.IPNb=4
TIM2.IPParameters=Channel-PWM Generation4 CH4,Prescaler,Period
ProjectManager.PreviousToolchain=
RCC.APB2TimFreq_Value=8000000
PB11.GPIOParameters=GPIO_Speed,GPIO_Label
ProjectManager.RegisterCallBack=
PC13-TAMPER-RTC.Locked=true
Mcu.Pin0=PC13-TAMPER-RTC
Mcu.Pin1=PA0-WKUP
GPIO.groupedBy=Group By Peripherals
Mcu.Pin2=PB11
Mcu.Pin3=VP_SYS_VS_ND
PA0-WKUP.GPIOParameters=GPIO_PuPd,GPIO_Label
Mcu.Pin4=VP_SYS_VS_Systick
ProjectManager.ProjectBuild=false
NVIC.UsageFault_IRQn=true\:0\:0\:false\:false\:true\:false\:false
NVIC.DebugMonitor_IRQn=true\:0\:0\:false\:false\:true\:false\:false
board=custom
NVIC.SysTick_IRQn=true\:0\:0\:false\:false\:true\:false\:true
ProjectManager.LastFirmware=true
PC13-TAMPER-RTC.GPIO_Label=switchled
ProjectManager.FirmwarePackage=STM32Cube FW_F1 V1.8.3
MxDb.Version=DB.6.0.0
RCC.APB2Freq_Value=8000000
ProjectManager.BackupPrevious=false
MxCube.Version=6.0.1
PC13-TAMPER-RTC.PinState=GPIO_PIN_SET
File.Version=6
VP_SYS_VS_Systick.Mode=SysTick
VP_SYS_VS_ND.Signal=SYS_VS_ND
NVIC.NonMaskableInt_IRQn=true\:0\:0\:false\:false\:true\:false\:false
NVIC.PendSV_IRQn=true\:0\:0\:false\:false\:true\:false\:false
TIM2.Period=100
PC13-TAMPER-RTC.GPIO_Speed=GPIO_SPEED_FREQ_MEDIUM
ProjectManager.FreePins=false
RCC.IPParameters=ADCFreqValue,APB1Freq_Value,APB2Freq_Value,APB2TimFreq_Value,FamilyName,PLLCLKFreq_Value,PLLMCOFreq_Value,TimSysFreq_Value
ProjectManager.AskForMigrate=true
Mcu.Name=STM32F103C(8-B)Tx
ProjectManager.HalAssertFull=false
ProjectManager.ProjectName=COMP3414ProjectQ123
ProjectManager.UnderRoot=false
RCC.PLLMCOFreq_Value=4000000
ProjectManager.CoupleFile=false
Mcu.Package=LQFP48
TIM2.Prescaler=1200-1
RCC.TimSysFreq_Value=8000000
NVIC.ForceEnableDMAVector=true
KeepUserPlacement=false
NVIC.MemoryManagement_IRQn=true\:0\:0\:false\:false\:true\:false\:false
ProjectManager.CompilerOptimize=6
ProjectManager.ToolChainLocation=
VP_SYS_VS_Systick.Signal=SYS_VS_Systick
ProjectManager.HeapSize=0x200
NVIC.HardFault_IRQn=true\:0\:0\:false\:false\:true\:false\:false
SH.S_TIM2_CH4.0=TIM2_CH4,PWM Generation4 CH4
ProjectManager.ComputerToolchain=false
NVIC.PriorityGroup=NVIC_PRIORITYGROUP_4
PA0-WKUP.GPIO_PuPd=GPIO_PULLUP
NVIC.BusFault_IRQn=true\:0\:0\:false\:false\:true\:false\:false
SH.S_TIM2_CH4.ConfNb=1
RCC.APB1Freq_Value=8000000
ProjectManager.CustomerFirmwarePackage=
PB11.Locked=true
ProjectManager.DeviceId=STM32F103C8Tx
ProjectManager.LibraryCopy=0
